
Microsoft Visual Studio Solution File, Format Version 12.00
# Visual Studio Version 17
VisualStudioVersion = 17.4.33110.190
MinimumVisualStudioVersion = 10.0.40219.1
Project("{FAE04EC0-301F-11D3-BF4B-00C04F79EFBC}") = "FinalProject", "FinalProject\FinalProject.csproj", "{59C81807-902B-41B3-8EEB-3223BC2D4198}"
EndProject
Global
	GlobalSection(SolutionConfigurationPlatforms) = preSolution
		Debug|Any CPU = Debug|Any CPU
		Release|Any CPU = Release|Any CPU
	EndGlobalSection
	GlobalSection(ProjectConfigurationPlatforms) = postSolution
		{59C81807-902B-41B3-8EEB-3223BC2D4198}.Debug|Any CPU.ActiveCfg = Debug|Any CPU
		{59C81807-902B-41B3-8EEB-3223BC2D4198}.Debug|Any CPU.Build.0 = Debug|Any CPU
		{59C81807-902B-41B3-8EEB-3223BC2D4198}.Release|Any CPU.ActiveCfg = Release|Any CPU
		{59C81807-902B-41B3-8EEB-3223BC2D4198}.Release|Any CPU.Build.0 = Release|Any CPU
	EndGlobalSection
	GlobalSection(SolutionProperties) = preSolution
		HideSolutionNode = FALSE
	EndGlobalSection
	GlobalSection(ExtensibilityGlobals) = postSolution
		SolutionGuid = {E4DB8EC6-FC31-4F52-9D89-C3F7071FAC2C}
	EndGlobalSection
EndGlobal
